
Microsoft Visual Studio Solution File, Format Version 12.00
# Visual Studio Version 16
VisualStudioVersion = 16.0.32413.511
MinimumVisualStudioVersion = 10.0.40219.1
Project("{FAE04EC0-301F-11D3-BF4B-00C04F79EFBC}") = "20230323", "20230323\20230323.csproj", "{5853BFA1-82A1-44A3-8F77-4BF70FDBE4DB}"
EndProject
Global
	GlobalSection(SolutionConfigurationPlatforms) = preSolution
		Debug|Any CPU = Debug|Any CPU
		Release|Any CPU = Release|Any CPU
	EndGlobalSection
	GlobalSection(ProjectConfigurationPlatforms) = postSolution
		{5853BFA1-82A1-44A3-8F77-4BF70FDBE4DB}.Debug|Any CPU.ActiveCfg = Debug|Any CPU
		{5853BFA1-82A1-44A3-8F77-4BF70FDBE4DB}.Debug|Any CPU.Build.0 = Debug|Any CPU
		{5853BFA1-82A1-44A3-8F77-4BF70FDBE4DB}.Release|Any CPU.ActiveCfg = Release|Any CPU
		{5853BFA1-82A1-44A3-8F77-4BF70FDBE4DB}.Release|Any CPU.Build.0 = Release|Any CPU
	EndGlobalSection
	GlobalSection(SolutionProperties) = preSolution
		HideSolutionNode = FALSE
	EndGlobalSection
	GlobalSection(ExtensibilityGlobals) = postSolution
		SolutionGuid = {2B45C1D8-3C2C-4C67-8E27-2ADDF62F3A9A}
	EndGlobalSection
EndGlobal
