
Microsoft Visual Studio Solution File, Format Version 12.00
# Visual Studio Version 16
VisualStudioVersion = 16.0.32413.511
MinimumVisualStudioVersion = 10.0.40219.1
Project("{FAE04EC0-301F-11D3-BF4B-00C04F79EFBC}") = "20230413", "20230413\20230413.csproj", "{BDA8D8CA-9D48-4181-9125-8D932DA03F16}"
EndProject
Global
	GlobalSection(SolutionConfigurationPlatforms) = preSolution
		Debug|Any CPU = Debug|Any CPU
		Release|Any CPU = Release|Any CPU
	EndGlobalSection
	GlobalSection(ProjectConfigurationPlatforms) = postSolution
		{BDA8D8CA-9D48-4181-9125-8D932DA03F16}.Debug|Any CPU.ActiveCfg = Debug|Any CPU
		{BDA8D8CA-9D48-4181-9125-8D932DA03F16}.Debug|Any CPU.Build.0 = Debug|Any CPU
		{BDA8D8CA-9D48-4181-9125-8D932DA03F16}.Release|Any CPU.ActiveCfg = Release|Any CPU
		{BDA8D8CA-9D48-4181-9125-8D932DA03F16}.Release|Any CPU.Build.0 = Release|Any CPU
	EndGlobalSection
	GlobalSection(SolutionProperties) = preSolution
		HideSolutionNode = FALSE
	EndGlobalSection
	GlobalSection(ExtensibilityGlobals) = postSolution
		SolutionGuid = {16DE8AFA-944F-4A09-A220-5ADCBF119B63}
	EndGlobalSection
EndGlobal
