
Microsoft Visual Studio Solution File, Format Version 12.00
# Visual Studio Version 16
VisualStudioVersion = 16.0.32413.511
MinimumVisualStudioVersion = 10.0.40219.1
Project("{FAE04EC0-301F-11D3-BF4B-00C04F79EFBC}") = "20221013", "20221013.csproj", "{2873E946-217C-483A-AA47-933F6FC0276D}"
EndProject
Global
	GlobalSection(SolutionConfigurationPlatforms) = preSolution
		Debug|Any CPU = Debug|Any CPU
		Release|Any CPU = Release|Any CPU
	EndGlobalSection
	GlobalSection(ProjectConfigurationPlatforms) = postSolution
		{2873E946-217C-483A-AA47-933F6FC0276D}.Debug|Any CPU.ActiveCfg = Debug|Any CPU
		{2873E946-217C-483A-AA47-933F6FC0276D}.Debug|Any CPU.Build.0 = Debug|Any CPU
		{2873E946-217C-483A-AA47-933F6FC0276D}.Release|Any CPU.ActiveCfg = Release|Any CPU
		{2873E946-217C-483A-AA47-933F6FC0276D}.Release|Any CPU.Build.0 = Release|Any CPU
	EndGlobalSection
	GlobalSection(SolutionProperties) = preSolution
		HideSolutionNode = FALSE
	EndGlobalSection
	GlobalSection(ExtensibilityGlobals) = postSolution
		SolutionGuid = {F4ABCFCD-418E-4E6C-B1A4-DFC5484869B5}
	EndGlobalSection
EndGlobal
