
Microsoft Visual Studio Solution File, Format Version 12.00
# Visual Studio Version 16
VisualStudioVersion = 16.0.32413.511
MinimumVisualStudioVersion = 10.0.40219.1
Project("{FAE04EC0-301F-11D3-BF4B-00C04F79EFBC}") = "20221018", "20221018\20221018.csproj", "{14D73D86-6168-4A4F-A663-284E79D70246}"
EndProject
Global
	GlobalSection(SolutionConfigurationPlatforms) = preSolution
		Debug|Any CPU = Debug|Any CPU
		Release|Any CPU = Release|Any CPU
	EndGlobalSection
	GlobalSection(ProjectConfigurationPlatforms) = postSolution
		{14D73D86-6168-4A4F-A663-284E79D70246}.Debug|Any CPU.ActiveCfg = Debug|Any CPU
		{14D73D86-6168-4A4F-A663-284E79D70246}.Debug|Any CPU.Build.0 = Debug|Any CPU
		{14D73D86-6168-4A4F-A663-284E79D70246}.Release|Any CPU.ActiveCfg = Release|Any CPU
		{14D73D86-6168-4A4F-A663-284E79D70246}.Release|Any CPU.Build.0 = Release|Any CPU
	EndGlobalSection
	GlobalSection(SolutionProperties) = preSolution
		HideSolutionNode = FALSE
	EndGlobalSection
	GlobalSection(ExtensibilityGlobals) = postSolution
		SolutionGuid = {87494C72-703D-4107-8465-FA616D9ABD89}
	EndGlobalSection
EndGlobal
