
Microsoft Visual Studio Solution File, Format Version 12.00
# Visual Studio Version 16
VisualStudioVersion = 16.0.32413.511
MinimumVisualStudioVersion = 10.0.40219.1
Project("{FAE04EC0-301F-11D3-BF4B-00C04F79EFBC}") = "20230412", "20230412\20230412.csproj", "{A64FF1F8-3D3C-4388-902D-5F4B3CD19D66}"
EndProject
Global
	GlobalSection(SolutionConfigurationPlatforms) = preSolution
		Debug|Any CPU = Debug|Any CPU
		Release|Any CPU = Release|Any CPU
	EndGlobalSection
	GlobalSection(ProjectConfigurationPlatforms) = postSolution
		{A64FF1F8-3D3C-4388-902D-5F4B3CD19D66}.Debug|Any CPU.ActiveCfg = Debug|Any CPU
		{A64FF1F8-3D3C-4388-902D-5F4B3CD19D66}.Debug|Any CPU.Build.0 = Debug|Any CPU
		{A64FF1F8-3D3C-4388-902D-5F4B3CD19D66}.Release|Any CPU.ActiveCfg = Release|Any CPU
		{A64FF1F8-3D3C-4388-902D-5F4B3CD19D66}.Release|Any CPU.Build.0 = Release|Any CPU
	EndGlobalSection
	GlobalSection(SolutionProperties) = preSolution
		HideSolutionNode = FALSE
	EndGlobalSection
	GlobalSection(ExtensibilityGlobals) = postSolution
		SolutionGuid = {46D0CE2B-9FC4-430F-AA28-A8CA7FDF1DA4}
	EndGlobalSection
EndGlobal
