
Microsoft Visual Studio Solution File, Format Version 12.00
# Visual Studio Version 16
VisualStudioVersion = 16.0.32413.511
MinimumVisualStudioVersion = 10.0.40219.1
Project("{FAE04EC0-301F-11D3-BF4B-00C04F79EFBC}") = "20221214", "20221214.csproj", "{F8BB1D07-C61E-492A-A5B3-61B479E7C8DD}"
EndProject
Global
	GlobalSection(SolutionConfigurationPlatforms) = preSolution
		Debug|Any CPU = Debug|Any CPU
		Release|Any CPU = Release|Any CPU
	EndGlobalSection
	GlobalSection(ProjectConfigurationPlatforms) = postSolution
		{F8BB1D07-C61E-492A-A5B3-61B479E7C8DD}.Debug|Any CPU.ActiveCfg = Debug|Any CPU
		{F8BB1D07-C61E-492A-A5B3-61B479E7C8DD}.Debug|Any CPU.Build.0 = Debug|Any CPU
		{F8BB1D07-C61E-492A-A5B3-61B479E7C8DD}.Release|Any CPU.ActiveCfg = Release|Any CPU
		{F8BB1D07-C61E-492A-A5B3-61B479E7C8DD}.Release|Any CPU.Build.0 = Release|Any CPU
	EndGlobalSection
	GlobalSection(SolutionProperties) = preSolution
		HideSolutionNode = FALSE
	EndGlobalSection
	GlobalSection(ExtensibilityGlobals) = postSolution
		SolutionGuid = {E2880FE3-8D21-4F7A-98D4-04BB60D5A4BC}
	EndGlobalSection
EndGlobal
