
Microsoft Visual Studio Solution File, Format Version 12.00
# Visual Studio Version 16
VisualStudioVersion = 16.0.32413.511
MinimumVisualStudioVersion = 10.0.40219.1
Project("{FAE04EC0-301F-11D3-BF4B-00C04F79EFBC}") = "20230502", "20230502\20230502.csproj", "{F42B4CBA-0D16-4AF6-B418-7D4A2057612A}"
EndProject
Global
	GlobalSection(SolutionConfigurationPlatforms) = preSolution
		Debug|Any CPU = Debug|Any CPU
		Release|Any CPU = Release|Any CPU
	EndGlobalSection
	GlobalSection(ProjectConfigurationPlatforms) = postSolution
		{F42B4CBA-0D16-4AF6-B418-7D4A2057612A}.Debug|Any CPU.ActiveCfg = Debug|Any CPU
		{F42B4CBA-0D16-4AF6-B418-7D4A2057612A}.Debug|Any CPU.Build.0 = Debug|Any CPU
		{F42B4CBA-0D16-4AF6-B418-7D4A2057612A}.Release|Any CPU.ActiveCfg = Release|Any CPU
		{F42B4CBA-0D16-4AF6-B418-7D4A2057612A}.Release|Any CPU.Build.0 = Release|Any CPU
	EndGlobalSection
	GlobalSection(SolutionProperties) = preSolution
		HideSolutionNode = FALSE
	EndGlobalSection
	GlobalSection(ExtensibilityGlobals) = postSolution
		SolutionGuid = {97CD5AB0-3E03-4125-B3CD-145CA4590431}
	EndGlobalSection
EndGlobal
